PODS:
  - IBAnimatable (2.2)
  - R.swift (2.1.0):
    - R.swift.Library (~> 2.0.0)
  - R.swift.Library (2.0.0)
  - Reusable (2.2.1)

DEPENDENCIES:
  - IBAnimatable (~> 2.2)
  - R.swift (~> 2.1.0)
  - Reusable (~> 2.2.1)

SPEC CHECKSUMS:
  IBAnimatable: 41ddf0b307ebec241d5dd510f472c51fb7fe519b
  R.swift: efff131531b5cf142e28fd94957806ff71ccbcf2
  R.swift.Library: 9f4b2d12040daa1ffe336d8f7e1574f73721fd01
  Reusable: 4a86b0fa0eefbe3126675617a7e921b673d530c1

PODFILE CHECKSUM: 4749a83a3192f86500a5d93c5486b12e745c25ef

COCOAPODS: 1.0.0
