PODS:
  - IBAnimatable (4.2.0)
  - Reusable (4.0.0):
    - Reusable/Storyboard (= 4.0.0)
    - Reusable/View (= 4.0.0)
  - Reusable/Storyboard (4.0.0)
  - Reusable/View (4.0.0)
  - SwiftGen (5.1.1)

DEPENDENCIES:
  - IBAnimatable (~> 4.2)
  - Reusable (~> 4.0)
  - SwiftGen (~> 5.1)

SPEC CHECKSUMS:
  IBAnimatable: d9d20f1c627ee97c736c55f791da9c83f6bd1bec
  Reusable: 98e5fff1e0e2e00872199699b276dde08ee56c07
  SwiftGen: daba48311d62361eb204a55e579c3c88dd99327e

PODFILE CHECKSUM: 4db35fca0173f8e6b171188c20e2497e61615485

COCOAPODS: 1.3.1
